
Microsoft Visual Studio Solution File, Format Version 12.00
# Visual Studio Version 16
VisualStudioVersion = 16.0.31205.134
MinimumVisualStudioVersion = 10.0.40219.1
Project("{8BC9CEB8-8B4A-11D0-8D11-00A0C91BC942}") = "vaccine_tracker", "vaccine_tracker.vcxproj", "{B2ECD4AD-3D47-41A8-9FD0-68D9C22C51B5}"
EndProject
Global
	GlobalSection(SolutionConfigurationPlatforms) = preSolution
		Debug|x64 = Debug|x64
		Debug|x86 = Debug|x86
		Release|x64 = Release|x64
		Release|x86 = Release|x86
	EndGlobalSection
	GlobalSection(ProjectConfigurationPlatforms) = postSolution
		{B2ECD4AD-3D47-41A8-9FD0-68D9C22C51B5}.Debug|x64.ActiveCfg = Debug|x64
		{B2ECD4AD-3D47-41A8-9FD0-68D9C22C51B5}.Debug|x64.Build.0 = Debug|x64
		{B2ECD4AD-3D47-41A8-9FD0-68D9C22C51B5}.Debug|x86.ActiveCfg = Debug|Win32
		{B2ECD4AD-3D47-41A8-9FD0-68D9C22C51B5}.Debug|x86.Build.0 = Debug|Win32
		{B2ECD4AD-3D47-41A8-9FD0-68D9C22C51B5}.Release|x64.ActiveCfg = Release|x64
		{B2ECD4AD-3D47-41A8-9FD0-68D9C22C51B5}.Release|x64.Build.0 = Release|x64
		{B2ECD4AD-3D47-41A8-9FD0-68D9C22C51B5}.Release|x86.ActiveCfg = Release|Win32
		{B2ECD4AD-3D47-41A8-9FD0-68D9C22C51B5}.Release|x86.Build.0 = Release|Win32
	EndGlobalSection
	GlobalSection(SolutionProperties) = preSolution
		HideSolutionNode = FALSE
	EndGlobalSection
	GlobalSection(ExtensibilityGlobals) = postSolution
		SolutionGuid = {B66867FD-B6CD-4B10-B624-D2A149C18A8C}
	EndGlobalSection
EndGlobal
